
Microsoft Visual Studio Solution File, Format Version 12.00
# Visual Studio Version 17
VisualStudioVersion = 17.4.33103.184
MinimumVisualStudioVersion = 10.0.40219.1
Project("{FAE04EC0-301F-11D3-BF4B-00C04F79EFBC}") = "DataAcces", "DataAcces\DataAcces.csproj", "{83202481-3258-48C9-93B4-01A905ECA16C}"
EndProject
Project("{FAE04EC0-301F-11D3-BF4B-00C04F79EFBC}") = "Business", "Business\Business.csproj", "{DF58364F-9B7E-4CF4-A659-F4D042EBA5BB}"
EndProject
Project("{FAE04EC0-301F-11D3-BF4B-00C04F79EFBC}") = "Entities", "Entities\Entities.csproj", "{A38C469D-A353-48DE-8C91-ECC273A1FD7C}"
EndProject
Project("{FAE04EC0-301F-11D3-BF4B-00C04F79EFBC}") = "Console", "Console\Console.csproj", "{28993757-A35E-4385-9330-7349E5DAC9A9}"
EndProject
Global
	GlobalSection(SolutionConfigurationPlatforms) = preSolution
		Debug|Any CPU = Debug|Any CPU
		Release|Any CPU = Release|Any CPU
	EndGlobalSection
	GlobalSection(ProjectConfigurationPlatforms) = postSolution
		{83202481-3258-48C9-93B4-01A905ECA16C}.Debug|Any CPU.ActiveCfg = Debug|Any CPU
		{83202481-3258-48C9-93B4-01A905ECA16C}.Debug|Any CPU.Build.0 = Debug|Any CPU
		{83202481-3258-48C9-93B4-01A905ECA16C}.Release|Any CPU.ActiveCfg = Release|Any CPU
		{83202481-3258-48C9-93B4-01A905ECA16C}.Release|Any CPU.Build.0 = Release|Any CPU
		{DF58364F-9B7E-4CF4-A659-F4D042EBA5BB}.Debug|Any CPU.ActiveCfg = Debug|Any CPU
		{DF58364F-9B7E-4CF4-A659-F4D042EBA5BB}.Debug|Any CPU.Build.0 = Debug|Any CPU
		{DF58364F-9B7E-4CF4-A659-F4D042EBA5BB}.Release|Any CPU.ActiveCfg = Release|Any CPU
		{DF58364F-9B7E-4CF4-A659-F4D042EBA5BB}.Release|Any CPU.Build.0 = Release|Any CPU
		{A38C469D-A353-48DE-8C91-ECC273A1FD7C}.Debug|Any CPU.ActiveCfg = Debug|Any CPU
		{A38C469D-A353-48DE-8C91-ECC273A1FD7C}.Debug|Any CPU.Build.0 = Debug|Any CPU
		{A38C469D-A353-48DE-8C91-ECC273A1FD7C}.Release|Any CPU.ActiveCfg = Release|Any CPU
		{A38C469D-A353-48DE-8C91-ECC273A1FD7C}.Release|Any CPU.Build.0 = Release|Any CPU
		{28993757-A35E-4385-9330-7349E5DAC9A9}.Debug|Any CPU.ActiveCfg = Debug|Any CPU
		{28993757-A35E-4385-9330-7349E5DAC9A9}.Debug|Any CPU.Build.0 = Debug|Any CPU
		{28993757-A35E-4385-9330-7349E5DAC9A9}.Release|Any CPU.ActiveCfg = Release|Any CPU
		{28993757-A35E-4385-9330-7349E5DAC9A9}.Release|Any CPU.Build.0 = Release|Any CPU
	EndGlobalSection
	GlobalSection(SolutionProperties) = preSolution
		HideSolutionNode = FALSE
	EndGlobalSection
	GlobalSection(ExtensibilityGlobals) = postSolution
		SolutionGuid = {8A39FA32-D999-4CC1-BE85-0C7D43EA002E}
	EndGlobalSection
EndGlobal
